
Microsoft Visual Studio Solution File, Format Version 12.00
# Visual Studio Version 16
VisualStudioVersion = 16.0.31129.286
MinimumVisualStudioVersion = 10.0.40219.1
Project("{8BC9CEB8-8B4A-11D0-8D11-00A0C91BC942}") = "cpp 9.5", "cpp 9.5\cpp 9.5.vcxproj", "{C8B397EB-2ED8-461C-A472-B8302300285B}"
EndProject
Global
	GlobalSection(SolutionConfigurationPlatforms) = preSolution
		Debug|x64 = Debug|x64
		Debug|x86 = Debug|x86
		Release|x64 = Release|x64
		Release|x86 = Release|x86
	EndGlobalSection
	GlobalSection(ProjectConfigurationPlatforms) = postSolution
		{C8B397EB-2ED8-461C-A472-B8302300285B}.Debug|x64.ActiveCfg = Debug|x64
		{C8B397EB-2ED8-461C-A472-B8302300285B}.Debug|x64.Build.0 = Debug|x64
		{C8B397EB-2ED8-461C-A472-B8302300285B}.Debug|x86.ActiveCfg = Debug|Win32
		{C8B397EB-2ED8-461C-A472-B8302300285B}.Debug|x86.Build.0 = Debug|Win32
		{C8B397EB-2ED8-461C-A472-B8302300285B}.Release|x64.ActiveCfg = Release|x64
		{C8B397EB-2ED8-461C-A472-B8302300285B}.Release|x64.Build.0 = Release|x64
		{C8B397EB-2ED8-461C-A472-B8302300285B}.Release|x86.ActiveCfg = Release|Win32
		{C8B397EB-2ED8-461C-A472-B8302300285B}.Release|x86.Build.0 = Release|Win32
	EndGlobalSection
	GlobalSection(SolutionProperties) = preSolution
		HideSolutionNode = FALSE
	EndGlobalSection
	GlobalSection(ExtensibilityGlobals) = postSolution
		SolutionGuid = {6D19D016-5379-4C98-8463-332686162454}
	EndGlobalSection
EndGlobal
