
Microsoft Visual Studio Solution File, Format Version 12.00
# Visual Studio Version 16
VisualStudioVersion = 16.0.31129.286
MinimumVisualStudioVersion = 10.0.40219.1
Project("{8BC9CEB8-8B4A-11D0-8D11-00A0C91BC942}") = "cpp 8.11", "cpp 8.11\cpp 8.11.vcxproj", "{0648CC99-D6D6-4683-B215-01C11AD3A7E1}"
EndProject
Global
	GlobalSection(SolutionConfigurationPlatforms) = preSolution
		Debug|x64 = Debug|x64
		Debug|x86 = Debug|x86
		Release|x64 = Release|x64
		Release|x86 = Release|x86
	EndGlobalSection
	GlobalSection(ProjectConfigurationPlatforms) = postSolution
		{0648CC99-D6D6-4683-B215-01C11AD3A7E1}.Debug|x64.ActiveCfg = Debug|x64
		{0648CC99-D6D6-4683-B215-01C11AD3A7E1}.Debug|x64.Build.0 = Debug|x64
		{0648CC99-D6D6-4683-B215-01C11AD3A7E1}.Debug|x86.ActiveCfg = Debug|Win32
		{0648CC99-D6D6-4683-B215-01C11AD3A7E1}.Debug|x86.Build.0 = Debug|Win32
		{0648CC99-D6D6-4683-B215-01C11AD3A7E1}.Release|x64.ActiveCfg = Release|x64
		{0648CC99-D6D6-4683-B215-01C11AD3A7E1}.Release|x64.Build.0 = Release|x64
		{0648CC99-D6D6-4683-B215-01C11AD3A7E1}.Release|x86.ActiveCfg = Release|Win32
		{0648CC99-D6D6-4683-B215-01C11AD3A7E1}.Release|x86.Build.0 = Release|Win32
	EndGlobalSection
	GlobalSection(SolutionProperties) = preSolution
		HideSolutionNode = FALSE
	EndGlobalSection
	GlobalSection(ExtensibilityGlobals) = postSolution
		SolutionGuid = {700D089F-255B-4423-98FF-5E2AAA4DAEB4}
	EndGlobalSection
EndGlobal
