
Microsoft Visual Studio Solution File, Format Version 12.00
# Visual Studio Version 16
VisualStudioVersion = 16.0.31129.286
MinimumVisualStudioVersion = 10.0.40219.1
Project("{8BC9CEB8-8B4A-11D0-8D11-00A0C91BC942}") = "cpp 13.4", "cpp 13.4\cpp 13.4.vcxproj", "{620C702B-A513-44AA-B51D-3530FF22E4B8}"
EndProject
Global
	GlobalSection(SolutionConfigurationPlatforms) = preSolution
		Debug|x64 = Debug|x64
		Debug|x86 = Debug|x86
		Release|x64 = Release|x64
		Release|x86 = Release|x86
	EndGlobalSection
	GlobalSection(ProjectConfigurationPlatforms) = postSolution
		{620C702B-A513-44AA-B51D-3530FF22E4B8}.Debug|x64.ActiveCfg = Debug|x64
		{620C702B-A513-44AA-B51D-3530FF22E4B8}.Debug|x64.Build.0 = Debug|x64
		{620C702B-A513-44AA-B51D-3530FF22E4B8}.Debug|x86.ActiveCfg = Debug|Win32
		{620C702B-A513-44AA-B51D-3530FF22E4B8}.Debug|x86.Build.0 = Debug|Win32
		{620C702B-A513-44AA-B51D-3530FF22E4B8}.Release|x64.ActiveCfg = Release|x64
		{620C702B-A513-44AA-B51D-3530FF22E4B8}.Release|x64.Build.0 = Release|x64
		{620C702B-A513-44AA-B51D-3530FF22E4B8}.Release|x86.ActiveCfg = Release|Win32
		{620C702B-A513-44AA-B51D-3530FF22E4B8}.Release|x86.Build.0 = Release|Win32
	EndGlobalSection
	GlobalSection(SolutionProperties) = preSolution
		HideSolutionNode = FALSE
	EndGlobalSection
	GlobalSection(ExtensibilityGlobals) = postSolution
		SolutionGuid = {DD475CBB-6672-4ED6-B552-DCD4EA9A9321}
	EndGlobalSection
EndGlobal
