
Microsoft Visual Studio Solution File, Format Version 12.00
# Visual Studio Version 16
VisualStudioVersion = 16.0.31129.286
MinimumVisualStudioVersion = 10.0.40219.1
Project("{8BC9CEB8-8B4A-11D0-8D11-00A0C91BC942}") = "cpp 17.2", "cpp 17.2\cpp 17.2.vcxproj", "{0BE49C66-8552-491D-A820-7DF10E816519}"
EndProject
Global
	GlobalSection(SolutionConfigurationPlatforms) = preSolution
		Debug|x64 = Debug|x64
		Debug|x86 = Debug|x86
		Release|x64 = Release|x64
		Release|x86 = Release|x86
	EndGlobalSection
	GlobalSection(ProjectConfigurationPlatforms) = postSolution
		{0BE49C66-8552-491D-A820-7DF10E816519}.Debug|x64.ActiveCfg = Debug|x64
		{0BE49C66-8552-491D-A820-7DF10E816519}.Debug|x64.Build.0 = Debug|x64
		{0BE49C66-8552-491D-A820-7DF10E816519}.Debug|x86.ActiveCfg = Debug|Win32
		{0BE49C66-8552-491D-A820-7DF10E816519}.Debug|x86.Build.0 = Debug|Win32
		{0BE49C66-8552-491D-A820-7DF10E816519}.Release|x64.ActiveCfg = Release|x64
		{0BE49C66-8552-491D-A820-7DF10E816519}.Release|x64.Build.0 = Release|x64
		{0BE49C66-8552-491D-A820-7DF10E816519}.Release|x86.ActiveCfg = Release|Win32
		{0BE49C66-8552-491D-A820-7DF10E816519}.Release|x86.Build.0 = Release|Win32
	EndGlobalSection
	GlobalSection(SolutionProperties) = preSolution
		HideSolutionNode = FALSE
	EndGlobalSection
	GlobalSection(ExtensibilityGlobals) = postSolution
		SolutionGuid = {70FFA13B-3B3A-435C-AD89-5D608435688F}
	EndGlobalSection
EndGlobal
