
Microsoft Visual Studio Solution File, Format Version 12.00
# Visual Studio Version 16
VisualStudioVersion = 16.0.31129.286
MinimumVisualStudioVersion = 10.0.40219.1
Project("{8BC9CEB8-8B4A-11D0-8D11-00A0C91BC942}") = "cpp 10.2_practice", "cpp 10.2_practice\cpp 10.2_practice.vcxproj", "{538A19A8-F096-4640-A68E-93FAD5C15458}"
EndProject
Global
	GlobalSection(SolutionConfigurationPlatforms) = preSolution
		Debug|x64 = Debug|x64
		Debug|x86 = Debug|x86
		Release|x64 = Release|x64
		Release|x86 = Release|x86
	EndGlobalSection
	GlobalSection(ProjectConfigurationPlatforms) = postSolution
		{538A19A8-F096-4640-A68E-93FAD5C15458}.Debug|x64.ActiveCfg = Debug|x64
		{538A19A8-F096-4640-A68E-93FAD5C15458}.Debug|x64.Build.0 = Debug|x64
		{538A19A8-F096-4640-A68E-93FAD5C15458}.Debug|x86.ActiveCfg = Debug|Win32
		{538A19A8-F096-4640-A68E-93FAD5C15458}.Debug|x86.Build.0 = Debug|Win32
		{538A19A8-F096-4640-A68E-93FAD5C15458}.Release|x64.ActiveCfg = Release|x64
		{538A19A8-F096-4640-A68E-93FAD5C15458}.Release|x64.Build.0 = Release|x64
		{538A19A8-F096-4640-A68E-93FAD5C15458}.Release|x86.ActiveCfg = Release|Win32
		{538A19A8-F096-4640-A68E-93FAD5C15458}.Release|x86.Build.0 = Release|Win32
	EndGlobalSection
	GlobalSection(SolutionProperties) = preSolution
		HideSolutionNode = FALSE
	EndGlobalSection
	GlobalSection(ExtensibilityGlobals) = postSolution
		SolutionGuid = {DA9CAEE9-A7BD-433F-B715-F86719CDB3CB}
	EndGlobalSection
EndGlobal
