
Microsoft Visual Studio Solution File, Format Version 12.00
# Visual Studio Version 16
VisualStudioVersion = 16.0.31129.286
MinimumVisualStudioVersion = 10.0.40219.1
Project("{8BC9CEB8-8B4A-11D0-8D11-00A0C91BC942}") = "cpp 16.1", "cpp 16.1\cpp 16.1.vcxproj", "{5396E0A2-37C6-4F80-9A5D-F30E282E2801}"
EndProject
Global
	GlobalSection(SolutionConfigurationPlatforms) = preSolution
		Debug|x64 = Debug|x64
		Debug|x86 = Debug|x86
		Release|x64 = Release|x64
		Release|x86 = Release|x86
	EndGlobalSection
	GlobalSection(ProjectConfigurationPlatforms) = postSolution
		{5396E0A2-37C6-4F80-9A5D-F30E282E2801}.Debug|x64.ActiveCfg = Debug|x64
		{5396E0A2-37C6-4F80-9A5D-F30E282E2801}.Debug|x64.Build.0 = Debug|x64
		{5396E0A2-37C6-4F80-9A5D-F30E282E2801}.Debug|x86.ActiveCfg = Debug|Win32
		{5396E0A2-37C6-4F80-9A5D-F30E282E2801}.Debug|x86.Build.0 = Debug|Win32
		{5396E0A2-37C6-4F80-9A5D-F30E282E2801}.Release|x64.ActiveCfg = Release|x64
		{5396E0A2-37C6-4F80-9A5D-F30E282E2801}.Release|x64.Build.0 = Release|x64
		{5396E0A2-37C6-4F80-9A5D-F30E282E2801}.Release|x86.ActiveCfg = Release|Win32
		{5396E0A2-37C6-4F80-9A5D-F30E282E2801}.Release|x86.Build.0 = Release|Win32
	EndGlobalSection
	GlobalSection(SolutionProperties) = preSolution
		HideSolutionNode = FALSE
	EndGlobalSection
	GlobalSection(ExtensibilityGlobals) = postSolution
		SolutionGuid = {89560389-72CC-4294-86BC-6A6A7C846751}
	EndGlobalSection
EndGlobal
