
Microsoft Visual Studio Solution File, Format Version 12.00
# Visual Studio Version 16
VisualStudioVersion = 16.0.31129.286
MinimumVisualStudioVersion = 10.0.40219.1
Project("{8BC9CEB8-8B4A-11D0-8D11-00A0C91BC942}") = "cpp 8.1", "cpp 8.1\cpp 8.1.vcxproj", "{438D635C-0185-411C-A369-8CF9EFE26653}"
EndProject
Global
	GlobalSection(SolutionConfigurationPlatforms) = preSolution
		Debug|x64 = Debug|x64
		Debug|x86 = Debug|x86
		Release|x64 = Release|x64
		Release|x86 = Release|x86
	EndGlobalSection
	GlobalSection(ProjectConfigurationPlatforms) = postSolution
		{438D635C-0185-411C-A369-8CF9EFE26653}.Debug|x64.ActiveCfg = Debug|x64
		{438D635C-0185-411C-A369-8CF9EFE26653}.Debug|x64.Build.0 = Debug|x64
		{438D635C-0185-411C-A369-8CF9EFE26653}.Debug|x86.ActiveCfg = Debug|Win32
		{438D635C-0185-411C-A369-8CF9EFE26653}.Debug|x86.Build.0 = Debug|Win32
		{438D635C-0185-411C-A369-8CF9EFE26653}.Release|x64.ActiveCfg = Release|x64
		{438D635C-0185-411C-A369-8CF9EFE26653}.Release|x64.Build.0 = Release|x64
		{438D635C-0185-411C-A369-8CF9EFE26653}.Release|x86.ActiveCfg = Release|Win32
		{438D635C-0185-411C-A369-8CF9EFE26653}.Release|x86.Build.0 = Release|Win32
	EndGlobalSection
	GlobalSection(SolutionProperties) = preSolution
		HideSolutionNode = FALSE
	EndGlobalSection
	GlobalSection(ExtensibilityGlobals) = postSolution
		SolutionGuid = {D1C90D07-77CD-4087-AC2D-5002D9172DD1}
	EndGlobalSection
EndGlobal
