
Microsoft Visual Studio Solution File, Format Version 12.00
# Visual Studio Version 16
VisualStudioVersion = 16.0.31129.286
MinimumVisualStudioVersion = 10.0.40219.1
Project("{8BC9CEB8-8B4A-11D0-8D11-00A0C91BC942}") = "cpp 8.13", "cpp 8.13\cpp 8.13.vcxproj", "{42C5525D-A024-47F8-8E19-65BA4C834300}"
EndProject
Global
	GlobalSection(SolutionConfigurationPlatforms) = preSolution
		Debug|x64 = Debug|x64
		Debug|x86 = Debug|x86
		Release|x64 = Release|x64
		Release|x86 = Release|x86
	EndGlobalSection
	GlobalSection(ProjectConfigurationPlatforms) = postSolution
		{42C5525D-A024-47F8-8E19-65BA4C834300}.Debug|x64.ActiveCfg = Debug|x64
		{42C5525D-A024-47F8-8E19-65BA4C834300}.Debug|x64.Build.0 = Debug|x64
		{42C5525D-A024-47F8-8E19-65BA4C834300}.Debug|x86.ActiveCfg = Debug|Win32
		{42C5525D-A024-47F8-8E19-65BA4C834300}.Debug|x86.Build.0 = Debug|Win32
		{42C5525D-A024-47F8-8E19-65BA4C834300}.Release|x64.ActiveCfg = Release|x64
		{42C5525D-A024-47F8-8E19-65BA4C834300}.Release|x64.Build.0 = Release|x64
		{42C5525D-A024-47F8-8E19-65BA4C834300}.Release|x86.ActiveCfg = Release|Win32
		{42C5525D-A024-47F8-8E19-65BA4C834300}.Release|x86.Build.0 = Release|Win32
	EndGlobalSection
	GlobalSection(SolutionProperties) = preSolution
		HideSolutionNode = FALSE
	EndGlobalSection
	GlobalSection(ExtensibilityGlobals) = postSolution
		SolutionGuid = {E421E161-DFC9-47EE-9A7B-00B259655FC8}
	EndGlobalSection
EndGlobal
