
Microsoft Visual Studio Solution File, Format Version 12.00
# Visual Studio Version 16
VisualStudioVersion = 16.0.31129.286
MinimumVisualStudioVersion = 10.0.40219.1
Project("{8BC9CEB8-8B4A-11D0-8D11-00A0C91BC942}") = "cpp 12.7", "cpp 12.7\cpp 12.7.vcxproj", "{F76750BB-4000-47E6-B54B-A68AF5D5ED04}"
EndProject
Global
	GlobalSection(SolutionConfigurationPlatforms) = preSolution
		Debug|x64 = Debug|x64
		Debug|x86 = Debug|x86
		Release|x64 = Release|x64
		Release|x86 = Release|x86
	EndGlobalSection
	GlobalSection(ProjectConfigurationPlatforms) = postSolution
		{F76750BB-4000-47E6-B54B-A68AF5D5ED04}.Debug|x64.ActiveCfg = Debug|x64
		{F76750BB-4000-47E6-B54B-A68AF5D5ED04}.Debug|x64.Build.0 = Debug|x64
		{F76750BB-4000-47E6-B54B-A68AF5D5ED04}.Debug|x86.ActiveCfg = Debug|Win32
		{F76750BB-4000-47E6-B54B-A68AF5D5ED04}.Debug|x86.Build.0 = Debug|Win32
		{F76750BB-4000-47E6-B54B-A68AF5D5ED04}.Release|x64.ActiveCfg = Release|x64
		{F76750BB-4000-47E6-B54B-A68AF5D5ED04}.Release|x64.Build.0 = Release|x64
		{F76750BB-4000-47E6-B54B-A68AF5D5ED04}.Release|x86.ActiveCfg = Release|Win32
		{F76750BB-4000-47E6-B54B-A68AF5D5ED04}.Release|x86.Build.0 = Release|Win32
	EndGlobalSection
	GlobalSection(SolutionProperties) = preSolution
		HideSolutionNode = FALSE
	EndGlobalSection
	GlobalSection(ExtensibilityGlobals) = postSolution
		SolutionGuid = {9E5CEFF2-6204-4CC5-A80B-2C876156F80E}
	EndGlobalSection
EndGlobal
