
Microsoft Visual Studio Solution File, Format Version 12.00
# Visual Studio Version 16
VisualStudioVersion = 16.0.31129.286
MinimumVisualStudioVersion = 10.0.40219.1
Project("{8BC9CEB8-8B4A-11D0-8D11-00A0C91BC942}") = "cpp 15.2", "cpp 15.2\cpp 15.2.vcxproj", "{899F4B06-64C0-4AAD-B869-EDFABDA59955}"
EndProject
Global
	GlobalSection(SolutionConfigurationPlatforms) = preSolution
		Debug|x64 = Debug|x64
		Debug|x86 = Debug|x86
		Release|x64 = Release|x64
		Release|x86 = Release|x86
	EndGlobalSection
	GlobalSection(ProjectConfigurationPlatforms) = postSolution
		{899F4B06-64C0-4AAD-B869-EDFABDA59955}.Debug|x64.ActiveCfg = Debug|x64
		{899F4B06-64C0-4AAD-B869-EDFABDA59955}.Debug|x64.Build.0 = Debug|x64
		{899F4B06-64C0-4AAD-B869-EDFABDA59955}.Debug|x86.ActiveCfg = Debug|Win32
		{899F4B06-64C0-4AAD-B869-EDFABDA59955}.Debug|x86.Build.0 = Debug|Win32
		{899F4B06-64C0-4AAD-B869-EDFABDA59955}.Release|x64.ActiveCfg = Release|x64
		{899F4B06-64C0-4AAD-B869-EDFABDA59955}.Release|x64.Build.0 = Release|x64
		{899F4B06-64C0-4AAD-B869-EDFABDA59955}.Release|x86.ActiveCfg = Release|Win32
		{899F4B06-64C0-4AAD-B869-EDFABDA59955}.Release|x86.Build.0 = Release|Win32
	EndGlobalSection
	GlobalSection(SolutionProperties) = preSolution
		HideSolutionNode = FALSE
	EndGlobalSection
	GlobalSection(ExtensibilityGlobals) = postSolution
		SolutionGuid = {144828E0-8E3D-4106-939E-8080508694BA}
	EndGlobalSection
EndGlobal
