
Microsoft Visual Studio Solution File, Format Version 12.00
# Visual Studio Version 16
VisualStudioVersion = 16.0.31129.286
MinimumVisualStudioVersion = 10.0.40219.1
Project("{8BC9CEB8-8B4A-11D0-8D11-00A0C91BC942}") = "cpp 9.9", "cpp 9.9\cpp 9.9.vcxproj", "{41EDFCEE-92DE-4485-9090-42EAEB49F8B7}"
EndProject
Global
	GlobalSection(SolutionConfigurationPlatforms) = preSolution
		Debug|x64 = Debug|x64
		Debug|x86 = Debug|x86
		Release|x64 = Release|x64
		Release|x86 = Release|x86
	EndGlobalSection
	GlobalSection(ProjectConfigurationPlatforms) = postSolution
		{41EDFCEE-92DE-4485-9090-42EAEB49F8B7}.Debug|x64.ActiveCfg = Debug|x64
		{41EDFCEE-92DE-4485-9090-42EAEB49F8B7}.Debug|x64.Build.0 = Debug|x64
		{41EDFCEE-92DE-4485-9090-42EAEB49F8B7}.Debug|x86.ActiveCfg = Debug|Win32
		{41EDFCEE-92DE-4485-9090-42EAEB49F8B7}.Debug|x86.Build.0 = Debug|Win32
		{41EDFCEE-92DE-4485-9090-42EAEB49F8B7}.Release|x64.ActiveCfg = Release|x64
		{41EDFCEE-92DE-4485-9090-42EAEB49F8B7}.Release|x64.Build.0 = Release|x64
		{41EDFCEE-92DE-4485-9090-42EAEB49F8B7}.Release|x86.ActiveCfg = Release|Win32
		{41EDFCEE-92DE-4485-9090-42EAEB49F8B7}.Release|x86.Build.0 = Release|Win32
	EndGlobalSection
	GlobalSection(SolutionProperties) = preSolution
		HideSolutionNode = FALSE
	EndGlobalSection
	GlobalSection(ExtensibilityGlobals) = postSolution
		SolutionGuid = {0025F9A7-879D-479D-A305-4EC1EDD91CE5}
	EndGlobalSection
EndGlobal
