
Microsoft Visual Studio Solution File, Format Version 12.00
# Visual Studio Version 16
VisualStudioVersion = 16.0.31129.286
MinimumVisualStudioVersion = 10.0.40219.1
Project("{8BC9CEB8-8B4A-11D0-8D11-00A0C91BC942}") = "cpp 14.6", "cpp 14.6\cpp 14.6.vcxproj", "{F404A372-1731-41D4-B1B4-DA40CA9934A7}"
EndProject
Global
	GlobalSection(SolutionConfigurationPlatforms) = preSolution
		Debug|x64 = Debug|x64
		Debug|x86 = Debug|x86
		Release|x64 = Release|x64
		Release|x86 = Release|x86
	EndGlobalSection
	GlobalSection(ProjectConfigurationPlatforms) = postSolution
		{F404A372-1731-41D4-B1B4-DA40CA9934A7}.Debug|x64.ActiveCfg = Debug|x64
		{F404A372-1731-41D4-B1B4-DA40CA9934A7}.Debug|x64.Build.0 = Debug|x64
		{F404A372-1731-41D4-B1B4-DA40CA9934A7}.Debug|x86.ActiveCfg = Debug|Win32
		{F404A372-1731-41D4-B1B4-DA40CA9934A7}.Debug|x86.Build.0 = Debug|Win32
		{F404A372-1731-41D4-B1B4-DA40CA9934A7}.Release|x64.ActiveCfg = Release|x64
		{F404A372-1731-41D4-B1B4-DA40CA9934A7}.Release|x64.Build.0 = Release|x64
		{F404A372-1731-41D4-B1B4-DA40CA9934A7}.Release|x86.ActiveCfg = Release|Win32
		{F404A372-1731-41D4-B1B4-DA40CA9934A7}.Release|x86.Build.0 = Release|Win32
	EndGlobalSection
	GlobalSection(SolutionProperties) = preSolution
		HideSolutionNode = FALSE
	EndGlobalSection
	GlobalSection(ExtensibilityGlobals) = postSolution
		SolutionGuid = {05DCDB5F-1774-4907-8A92-4E66EB70835E}
	EndGlobalSection
EndGlobal
