
Microsoft Visual Studio Solution File, Format Version 12.00
# Visual Studio Version 16
VisualStudioVersion = 16.0.31129.286
MinimumVisualStudioVersion = 10.0.40219.1
Project("{8BC9CEB8-8B4A-11D0-8D11-00A0C91BC942}") = "cpp 19.7_1", "cpp 19.7_1\cpp 19.7_1.vcxproj", "{0FFC2BB2-7C6F-4A15-93C6-1394662F7C28}"
EndProject
Global
	GlobalSection(SolutionConfigurationPlatforms) = preSolution
		Debug|x64 = Debug|x64
		Debug|x86 = Debug|x86
		Release|x64 = Release|x64
		Release|x86 = Release|x86
	EndGlobalSection
	GlobalSection(ProjectConfigurationPlatforms) = postSolution
		{0FFC2BB2-7C6F-4A15-93C6-1394662F7C28}.Debug|x64.ActiveCfg = Debug|x64
		{0FFC2BB2-7C6F-4A15-93C6-1394662F7C28}.Debug|x64.Build.0 = Debug|x64
		{0FFC2BB2-7C6F-4A15-93C6-1394662F7C28}.Debug|x86.ActiveCfg = Debug|Win32
		{0FFC2BB2-7C6F-4A15-93C6-1394662F7C28}.Debug|x86.Build.0 = Debug|Win32
		{0FFC2BB2-7C6F-4A15-93C6-1394662F7C28}.Release|x64.ActiveCfg = Release|x64
		{0FFC2BB2-7C6F-4A15-93C6-1394662F7C28}.Release|x64.Build.0 = Release|x64
		{0FFC2BB2-7C6F-4A15-93C6-1394662F7C28}.Release|x86.ActiveCfg = Release|Win32
		{0FFC2BB2-7C6F-4A15-93C6-1394662F7C28}.Release|x86.Build.0 = Release|Win32
	EndGlobalSection
	GlobalSection(SolutionProperties) = preSolution
		HideSolutionNode = FALSE
	EndGlobalSection
	GlobalSection(ExtensibilityGlobals) = postSolution
		SolutionGuid = {46766FA2-CA7E-438A-8BA5-13757B354B75}
	EndGlobalSection
EndGlobal
