
Microsoft Visual Studio Solution File, Format Version 12.00
# Visual Studio Version 16
VisualStudioVersion = 16.0.31105.61
MinimumVisualStudioVersion = 10.0.40219.1
Project("{8BC9CEB8-8B4A-11D0-8D11-00A0C91BC942}") = "cpp 7.3", "cpp 7.3\cpp 7.3.vcxproj", "{CD283CE7-358A-46E4-A2B6-3C82D1EF7260}"
EndProject
Global
	GlobalSection(SolutionConfigurationPlatforms) = preSolution
		Debug|x64 = Debug|x64
		Debug|x86 = Debug|x86
		Release|x64 = Release|x64
		Release|x86 = Release|x86
	EndGlobalSection
	GlobalSection(ProjectConfigurationPlatforms) = postSolution
		{CD283CE7-358A-46E4-A2B6-3C82D1EF7260}.Debug|x64.ActiveCfg = Debug|x64
		{CD283CE7-358A-46E4-A2B6-3C82D1EF7260}.Debug|x64.Build.0 = Debug|x64
		{CD283CE7-358A-46E4-A2B6-3C82D1EF7260}.Debug|x86.ActiveCfg = Debug|Win32
		{CD283CE7-358A-46E4-A2B6-3C82D1EF7260}.Debug|x86.Build.0 = Debug|Win32
		{CD283CE7-358A-46E4-A2B6-3C82D1EF7260}.Release|x64.ActiveCfg = Release|x64
		{CD283CE7-358A-46E4-A2B6-3C82D1EF7260}.Release|x64.Build.0 = Release|x64
		{CD283CE7-358A-46E4-A2B6-3C82D1EF7260}.Release|x86.ActiveCfg = Release|Win32
		{CD283CE7-358A-46E4-A2B6-3C82D1EF7260}.Release|x86.Build.0 = Release|Win32
	EndGlobalSection
	GlobalSection(SolutionProperties) = preSolution
		HideSolutionNode = FALSE
	EndGlobalSection
	GlobalSection(ExtensibilityGlobals) = postSolution
		SolutionGuid = {B5EE3499-4294-481A-82EB-CB79581FE588}
	EndGlobalSection
EndGlobal
